
Microsoft Visual Studio Solution File, Format Version 12.00
# Visual Studio Express 14 for Windows Desktop
VisualStudioVersion = 14.0.24720.0
MinimumVisualStudioVersion = 10.0.40219.1
Project("{F184B08F-C81C-45F6-A57F-5ABD9991F28F}") = "Coder Revolt - Web Browser Open Source", "Coder Revolt - Web Browser Open Source\Coder Revolt - Web Browser Open Source.vbproj", "{CE31F6BD-067F-46C0-8777-5E0081DBCA2A}"
EndProject
Global
	GlobalSection(SolutionConfigurationPlatforms) = preSolution
		Debug|Any CPU = Debug|Any CPU
		Release|Any CPU = Release|Any CPU
	EndGlobalSection
	GlobalSection(ProjectConfigurationPlatforms) = postSolution
		{CE31F6BD-067F-46C0-8777-5E0081DBCA2A}.Debug|Any CPU.ActiveCfg = Debug|Any CPU
		{CE31F6BD-067F-46C0-8777-5E0081DBCA2A}.Debug|Any CPU.Build.0 = Debug|Any CPU
		{CE31F6BD-067F-46C0-8777-5E0081DBCA2A}.Release|Any CPU.ActiveCfg = Release|Any CPU
		{CE31F6BD-067F-46C0-8777-5E0081DBCA2A}.Release|Any CPU.Build.0 = Release|Any CPU
	EndGlobalSection
	GlobalSection(SolutionProperties) = preSolution
		HideSolutionNode = FALSE
	EndGlobalSection
EndGlobal
